
Microsoft Visual Studio Solution File, Format Version 11.00
# Visual Studio 2010
Project("{8BC9CEB8-8B4A-11D0-8D11-00A0C91BC942}") = "Test_AO", "Test_AO\Test_AO.vcxproj", "{14DAEE3D-E35F-48FA-A1FB-848E5F5DDB8D}"
EndProject
Project("{8BC9CEB8-8B4A-11D0-8D11-00A0C91BC942}") = "AO_lib", "AO_lib\AO_lib.vcxproj", "{B8DF581D-ED4C-498D-8362-FBD0392A1133}"
EndProject
Global
	GlobalSection(SolutionConfigurationPlatforms) = preSolution
		Debug|Win32 = Debug|Win32
		Release|Win32 = Release|Win32
	EndGlobalSection
	GlobalSection(ProjectConfigurationPlatforms) = postSolution
		{14DAEE3D-E35F-48FA-A1FB-848E5F5DDB8D}.Debug|Win32.ActiveCfg = Debug|Win32
		{14DAEE3D-E35F-48FA-A1FB-848E5F5DDB8D}.Debug|Win32.Build.0 = Debug|Win32
		{14DAEE3D-E35F-48FA-A1FB-848E5F5DDB8D}.Release|Win32.ActiveCfg = Release|Win32
		{14DAEE3D-E35F-48FA-A1FB-848E5F5DDB8D}.Release|Win32.Build.0 = Release|Win32
		{B8DF581D-ED4C-498D-8362-FBD0392A1133}.Debug|Win32.ActiveCfg = Debug|Win32
		{B8DF581D-ED4C-498D-8362-FBD0392A1133}.Debug|Win32.Build.0 = Debug|Win32
		{B8DF581D-ED4C-498D-8362-FBD0392A1133}.Release|Win32.ActiveCfg = Release|Win32
		{B8DF581D-ED4C-498D-8362-FBD0392A1133}.Release|Win32.Build.0 = Release|Win32
	EndGlobalSection
	GlobalSection(SolutionProperties) = preSolution
		HideSolutionNode = FALSE
	EndGlobalSection
EndGlobal
